
Microsoft Visual Studio Solution File, Format Version 12.00
# Visual Studio Version 16
VisualStudioVersion = 16.0.31402.337
MinimumVisualStudioVersion = 10.0.40219.1
Project("{9A19103F-16F7-4668-BE54-9A1E7A4F7556}") = "AzureKineticTest_1", "AzureKineticTest_1.csproj", "{9BE08BD1-43C2-4A7F-A70F-231E562AE4AF}"
EndProject
Project("{54435603-DBB4-11D2-8724-00A0C9A8B90C}") = "SimpleSetup", "..\SimpleSetup\SimpleSetup.vdproj", "{39C25AD9-1E04-439F-85DE-8D1B82BDAD61}"
EndProject
Global
	GlobalSection(SolutionConfigurationPlatforms) = preSolution
		Debug|Any CPU = Debug|Any CPU
		Debug|x64 = Debug|x64
		Release|Any CPU = Release|Any CPU
		Release|x64 = Release|x64
	EndGlobalSection
	GlobalSection(ProjectConfigurationPlatforms) = postSolution
		{9BE08BD1-43C2-4A7F-A70F-231E562AE4AF}.Debug|Any CPU.ActiveCfg = Debug|Any CPU
		{9BE08BD1-43C2-4A7F-A70F-231E562AE4AF}.Debug|Any CPU.Build.0 = Debug|Any CPU
		{9BE08BD1-43C2-4A7F-A70F-231E562AE4AF}.Debug|x64.ActiveCfg = Debug|x64
		{9BE08BD1-43C2-4A7F-A70F-231E562AE4AF}.Debug|x64.Build.0 = Debug|x64
		{9BE08BD1-43C2-4A7F-A70F-231E562AE4AF}.Release|Any CPU.ActiveCfg = Release|Any CPU
		{9BE08BD1-43C2-4A7F-A70F-231E562AE4AF}.Release|Any CPU.Build.0 = Release|Any CPU
		{9BE08BD1-43C2-4A7F-A70F-231E562AE4AF}.Release|x64.ActiveCfg = Release|x64
		{9BE08BD1-43C2-4A7F-A70F-231E562AE4AF}.Release|x64.Build.0 = Release|x64
		{39C25AD9-1E04-439F-85DE-8D1B82BDAD61}.Debug|Any CPU.ActiveCfg = Debug
		{39C25AD9-1E04-439F-85DE-8D1B82BDAD61}.Debug|x64.ActiveCfg = Debug
		{39C25AD9-1E04-439F-85DE-8D1B82BDAD61}.Release|Any CPU.ActiveCfg = Release
		{39C25AD9-1E04-439F-85DE-8D1B82BDAD61}.Release|x64.ActiveCfg = Release
	EndGlobalSection
	GlobalSection(SolutionProperties) = preSolution
		HideSolutionNode = FALSE
	EndGlobalSection
	GlobalSection(ExtensibilityGlobals) = postSolution
		SolutionGuid = {BF3D53E3-FF2F-454E-AF97-167679B06480}
	EndGlobalSection
EndGlobal
